
Microsoft Visual Studio Solution File, Format Version 12.00
# Visual Studio Version 17
VisualStudioVersion = 17.0.32112.339
MinimumVisualStudioVersion = 10.0.40219.1
Project("{FAE04EC0-301F-11D3-BF4B-00C04F79EFBC}") = "3_Kurs_2_semestr_Labi", "3_Kurs_2_semestr_Labi\3_Kurs_2_semestr_Labi.csproj", "{16166146-34A7-4BB3-996F-51A18FD4FF1D}"
EndProject
Global
	GlobalSection(SolutionConfigurationPlatforms) = preSolution
		Debug|Any CPU = Debug|Any CPU
		Release|Any CPU = Release|Any CPU
	EndGlobalSection
	GlobalSection(ProjectConfigurationPlatforms) = postSolution
		{16166146-34A7-4BB3-996F-51A18FD4FF1D}.Debug|Any CPU.ActiveCfg = Debug|Any CPU
		{16166146-34A7-4BB3-996F-51A18FD4FF1D}.Debug|Any CPU.Build.0 = Debug|Any CPU
		{16166146-34A7-4BB3-996F-51A18FD4FF1D}.Release|Any CPU.ActiveCfg = Release|Any CPU
		{16166146-34A7-4BB3-996F-51A18FD4FF1D}.Release|Any CPU.Build.0 = Release|Any CPU
	EndGlobalSection
	GlobalSection(SolutionProperties) = preSolution
		HideSolutionNode = FALSE
	EndGlobalSection
	GlobalSection(ExtensibilityGlobals) = postSolution
		SolutionGuid = {BAE6A2BE-3028-4E27-8B1E-2741EBA2F864}
	EndGlobalSection
EndGlobal
